// !$*UTF8*$!
{
	archiveVersion = 1;
	classes = {
	};
	objectVersion = 77;
	objects = {

/* Begin PBXBuildFile section */
		303B7A1F301F59E8001D99ED /* DocPilotApp.swift in Sources */ = {isa = PBXBuildFile; fileRef = 303B7A1E301F59E8001D99ED /* DocPilotApp.swift */; };
		303B7A21301F59E8001D99ED /* ContentView.swift in Sources */ = {isa = PBXBuildFile; fileRef = 303B7A20301F59E8001D99ED /* ContentView.swift */; };
		303B7A30301F6BD5001D99ED /* DocumentRecord.swift in Sources */ = {isa = PBXBuildFile; fileRef = 303B7A2F301F6BD5001D99ED /* DocumentRecord.swift */; };
		303B7A32301F6C68001D99ED /* InboxView.swift in Sources */ = {isa = PBXBuildFile; fileRef = 303B7A31301F6C68001D99ED /* InboxView.swift */; };
		303B7A34301F6DD7001D99ED /* InboxFolderStore.swift in Sources */ = {isa = PBXBuildFile; fileRef = 303B7A33301F6DD7001D99ED /* InboxFolderStore.swift */; };
		303B7A36301F722C001D99ED /* README.md in Resources */ = {isa = PBXBuildFile; fileRef = 303B7A35301F7216001D99ED /* README.md */; };
		303B7A39301F72DB001D99ED /* InboxViewModel.swift in Sources */ = {isa = PBXBuildFile; fileRef = 303B7A38301F72DB001D99ED /* InboxViewModel.swift */; };
		303B7A3B301F765F001D99ED /* PDFPreviewView.swift in Sources */ = {isa = PBXBuildFile; fileRef = 303B7A3A301F765F001D99ED /* PDFPreviewView.swift */; };
		303B7A3D301F7935001D99ED /* FilenameSuggestionService.swift in Sources */ = {isa = PBXBuildFile; fileRef = 303B7A3C301F7935001D99ED /* FilenameSuggestionService.swift */; };
		303B7A3F301F7A94001D99ED /* AtlasPanelView.swift in Sources */ = {isa = PBXBuildFile; fileRef = 303B7A3E301F7A94001D99ED /* AtlasPanelView.swift */; };
		303B7A41301F7B7E001D99ED /* PDFTextExtractionService.swift in Sources */ = {isa = PBXBuildFile; fileRef = 303B7A40301F7B7E001D99ED /* PDFTextExtractionService.swift */; };
		303B7A43301F7CF8001D99ED /* AtlasAnalyzer.swift in Sources */ = {isa = PBXBuildFile; fileRef = 303B7A42301F7CF8001D99ED /* AtlasAnalyzer.swift */; };
		303B7A45301F7F11001D99ED /* InboxHeaderView.swift in Sources */ = {isa = PBXBuildFile; fileRef = 303B7A44301F7F11001D99ED /* InboxHeaderView.swift */; };
		303B7A47301F7FDE001D99ED /* DocumentListView.swift in Sources */ = {isa = PBXBuildFile; fileRef = 303B7A46301F7FDE001D99ED /* DocumentListView.swift */; };
		303B7A49301F8078001D99ED /* EmptyInboxView.swift in Sources */ = {isa = PBXBuildFile; fileRef = 303B7A48301F8078001D99ED /* EmptyInboxView.swift */; };
		303B7A4B301F80ED001D99ED /* EmptyDocumentListView.swift in Sources */ = {isa = PBXBuildFile; fileRef = 303B7A4A301F80ED001D99ED /* EmptyDocumentListView.swift */; };
		303B7A4D301F8168001D99ED /* EmptySelectionView.swift in Sources */ = {isa = PBXBuildFile; fileRef = 303B7A4C301F8168001D99ED /* EmptySelectionView.swift */; };
		303B7A4F301FA8D7001D99ED /* DocumentRowView.swift in Sources */ = {isa = PBXBuildFile; fileRef = 303B7A4E301FA8D7001D99ED /* DocumentRowView.swift */; };
		303B7A51301FAB03001D99ED /* AutoAnalysisService.swift in Sources */ = {isa = PBXBuildFile; fileRef = 303B7A50301FAB03001D99ED /* AutoAnalysisService.swift */; };
		303B7A53301FAC75001D99ED /* knowledge.json in Resources */ = {isa = PBXBuildFile; fileRef = 303B7A52301FAC32001D99ED /* knowledge.json */; };
		303B7A55301FACA8001D99ED /* KnowledgeBase.swift in Sources */ = {isa = PBXBuildFile; fileRef = 303B7A54301FACA8001D99ED /* KnowledgeBase.swift */; };
		303B7A57301FD485001D99ED /* CompanyRecognizer.swift in Sources */ = {isa = PBXBuildFile; fileRef = 303B7A56301FD485001D99ED /* CompanyRecognizer.swift */; };
		303B7A59301FD4FE001D99ED /* DocumentClassifier.swift in Sources */ = {isa = PBXBuildFile; fileRef = 303B7A58301FD4FE001D99ED /* DocumentClassifier.swift */; };
		303B7A5B301FD530001D99ED /* DateRecognizer.swift in Sources */ = {isa = PBXBuildFile; fileRef = 303B7A5A301FD530001D99ED /* DateRecognizer.swift */; };
		303B7A5D301FD574001D99ED /* KeywordRecognizer.swift in Sources */ = {isa = PBXBuildFile; fileRef = 303B7A5C301FD574001D99ED /* KeywordRecognizer.swift */; };
		303B7A5F301FD7D4001D99ED /* FolderSuggestionEngine.swift in Sources */ = {isa = PBXBuildFile; fileRef = 303B7A5E301FD7D4001D99ED /* FolderSuggestionEngine.swift */; };
/* End PBXBuildFile section */

/* Begin PBXFileReference section */
		303B7A1B301F59E8001D99ED /* DocPilot.app */ = {isa = PBXFileReference; explicitFileType = wrapper.application; includeInIndex = 0; path = DocPilot.app; sourceTree = BUILT_PRODUCTS_DIR; };
		303B7A1E301F59E8001D99ED /* DocPilotApp.swift */ = {isa = PBXFileReference; lastKnownFileType = sourcecode.swift; path = DocPilotApp.swift; sourceTree = "<group>"; };
		303B7A20301F59E8001D99ED /* ContentView.swift */ = {isa = PBXFileReference; lastKnownFileType = sourcecode.swift; path = ContentView.swift; sourceTree = "<group>"; };
		303B7A2F301F6BD5001D99ED /* DocumentRecord.swift */ = {isa = PBXFileReference; lastKnownFileType = sourcecode.swift; path = DocumentRecord.swift; sourceTree = "<group>"; };
		303B7A31301F6C68001D99ED /* InboxView.swift */ = {isa = PBXFileReference; lastKnownFileType = sourcecode.swift; path = InboxView.swift; sourceTree = "<group>"; };
		303B7A33301F6DD7001D99ED /* InboxFolderStore.swift */ = {isa = PBXFileReference; lastKnownFileType = sourcecode.swift; path = InboxFolderStore.swift; sourceTree = "<group>"; };
		303B7A35301F7216001D99ED /* README.md */ = {isa = PBXFileReference; lastKnownFileType = net.daringfireball.markdown; path = README.md; sourceTree = "<group>"; };
		303B7A38301F72DB001D99ED /* InboxViewModel.swift */ = {isa = PBXFileReference; lastKnownFileType = sourcecode.swift; path = InboxViewModel.swift; sourceTree = "<group>"; };
		303B7A3A301F765F001D99ED /* PDFPreviewView.swift */ = {isa = PBXFileReference; lastKnownFileType = sourcecode.swift; path = PDFPreviewView.swift; sourceTree = "<group>"; };
		303B7A3C301F7935001D99ED /* FilenameSuggestionService.swift */ = {isa = PBXFileReference; lastKnownFileType = sourcecode.swift; path = FilenameSuggestionService.swift; sourceTree = "<group>"; };
		303B7A3E301F7A94001D99ED /* AtlasPanelView.swift */ = {isa = PBXFileReference; lastKnownFileType = sourcecode.swift; path = AtlasPanelView.swift; sourceTree = "<group>"; };
		303B7A40301F7B7E001D99ED /* PDFTextExtractionService.swift */ = {isa = PBXFileReference; lastKnownFileType = sourcecode.swift; path = PDFTextExtractionService.swift; sourceTree = "<group>"; };
		303B7A42301F7CF8001D99ED /* AtlasAnalyzer.swift */ = {isa = PBXFileReference; lastKnownFileType = sourcecode.swift; path = AtlasAnalyzer.swift; sourceTree = "<group>"; };
		303B7A44301F7F11001D99ED /* InboxHeaderView.swift */ = {isa = PBXFileReference; lastKnownFileType = sourcecode.swift; path = InboxHeaderView.swift; sourceTree = "<group>"; };
		303B7A46301F7FDE001D99ED /* DocumentListView.swift */ = {isa = PBXFileReference; lastKnownFileType = sourcecode.swift; path = DocumentListView.swift; sourceTree = "<group>"; };
		303B7A48301F8078001D99ED /* EmptyInboxView.swift */ = {isa = PBXFileReference; lastKnownFileType = sourcecode.swift; path = EmptyInboxView.swift; sourceTree = "<group>"; };
		303B7A4A301F80ED001D99ED /* EmptyDocumentListView.swift */ = {isa = PBXFileReference; lastKnownFileType = sourcecode.swift; path = EmptyDocumentListView.swift; sourceTree = "<group>"; };
		303B7A4C301F8168001D99ED /* EmptySelectionView.swift */ = {isa = PBXFileReference; lastKnownFileType = sourcecode.swift; path = EmptySelectionView.swift; sourceTree = "<group>"; };
		303B7A4E301FA8D7001D99ED /* DocumentRowView.swift */ = {isa = PBXFileReference; lastKnownFileType = sourcecode.swift; path = DocumentRowView.swift; sourceTree = "<group>"; };
		303B7A50301FAB03001D99ED /* AutoAnalysisService.swift */ = {isa = PBXFileReference; lastKnownFileType = sourcecode.swift; path = AutoAnalysisService.swift; sourceTree = "<group>"; };
		303B7A52301FAC32001D99ED /* knowledge.json */ = {isa = PBXFileReference; lastKnownFileType = text.json; path = knowledge.json; sourceTree = "<group>"; };
		303B7A54301FACA8001D99ED /* KnowledgeBase.swift */ = {isa = PBXFileReference; lastKnownFileType = sourcecode.swift; path = KnowledgeBase.swift; sourceTree = "<group>"; };
		303B7A56301FD485001D99ED /* CompanyRecognizer.swift */ = {isa = PBXFileReference; lastKnownFileType = sourcecode.swift; path = CompanyRecognizer.swift; sourceTree = "<group>"; };
		303B7A58301FD4FE001D99ED /* DocumentClassifier.swift */ = {isa = PBXFileReference; lastKnownFileType = sourcecode.swift; path = DocumentClassifier.swift; sourceTree = "<group>"; };
		303B7A5A301FD530001D99ED /* DateRecognizer.swift */ = {isa = PBXFileReference; lastKnownFileType = sourcecode.swift; path = DateRecognizer.swift; sourceTree = "<group>"; };
		303B7A5C301FD574001D99ED /* KeywordRecognizer.swift */ = {isa = PBXFileReference; lastKnownFileType = sourcecode.swift; path = KeywordRecognizer.swift; sourceTree = "<group>"; };
		303B7A5E301FD7D4001D99ED /* FolderSuggestionEngine.swift */ = {isa = PBXFileReference; lastKnownFileType = sourcecode.swift; path = FolderSuggestionEngine.swift; sourceTree = "<group>"; };
/* End PBXFileReference section */

/* Begin PBXFileSystemSynchronizedRootGroup section */
		303B7A1D301F59E8001D99ED /* DocPilot */ = {
			isa = PBXFileSystemSynchronizedRootGroup;
			path = DocPilot;
			sourceTree = "<group>";
		};
/* End PBXFileSystemSynchronizedRootGroup section */

/* Begin PBXFrameworksBuildPhase section */
		303B7A18301F59E8001D99ED /* Frameworks */ = {
			isa = PBXFrameworksBuildPhase;
			buildActionMask = 2147483647;
			files = (
			);
			runOnlyForDeploymentPostprocessing = 0;
		};
/* End PBXFrameworksBuildPhase section */

/* Begin PBXGroup section */
		303B7A12301F59E8001D99ED = {
			isa = PBXGroup;
			children = (
				303B7A35301F7216001D99ED /* README.md */,
				303B7A29301F69A8001D99ED /* App */,
				303B7A2A301F69BD001D99ED /* Views */,
				303B7A37301F7278001D99ED /* ViewModels */,
				303B7A2B301F69C8001D99ED /* Models */,
				303B7A2C301F69D8001D99ED /* Services */,
				303B7A2D301F69E3001D99ED /* Brain */,
				303B7A2E301F69EF001D99ED /* Resources */,
				303B7A1D301F59E8001D99ED /* DocPilot */,
				303B7A1C301F59E8001D99ED /* Products */,
			);
			sourceTree = "<group>";
		};
		303B7A1C301F59E8001D99ED /* Products */ = {
			isa = PBXGroup;
			children = (
				303B7A1B301F59E8001D99ED /* DocPilot.app */,
			);
			name = Products;
			sourceTree = "<group>";
		};
		303B7A29301F69A8001D99ED /* App */ = {
			isa = PBXGroup;
			children = (
				303B7A1E301F59E8001D99ED /* DocPilotApp.swift */,
			);
			path = App;
			sourceTree = "<group>";
		};
		303B7A2A301F69BD001D99ED /* Views */ = {
			isa = PBXGroup;
			children = (
				303B7A20301F59E8001D99ED /* ContentView.swift */,
				303B7A31301F6C68001D99ED /* InboxView.swift */,
				303B7A3A301F765F001D99ED /* PDFPreviewView.swift */,
				303B7A3E301F7A94001D99ED /* AtlasPanelView.swift */,
				303B7A44301F7F11001D99ED /* InboxHeaderView.swift */,
				303B7A46301F7FDE001D99ED /* DocumentListView.swift */,
				303B7A48301F8078001D99ED /* EmptyInboxView.swift */,
				303B7A4A301F80ED001D99ED /* EmptyDocumentListView.swift */,
				303B7A4C301F8168001D99ED /* EmptySelectionView.swift */,
				303B7A4E301FA8D7001D99ED /* DocumentRowView.swift */,
			);
			path = Views;
			sourceTree = "<group>";
		};
		303B7A2B301F69C8001D99ED /* Models */ = {
			isa = PBXGroup;
			children = (
				303B7A2F301F6BD5001D99ED /* DocumentRecord.swift */,
			);
			path = Models;
			sourceTree = "<group>";
		};
		303B7A2C301F69D8001D99ED /* Services */ = {
			isa = PBXGroup;
			children = (
				303B7A33301F6DD7001D99ED /* InboxFolderStore.swift */,
				303B7A3C301F7935001D99ED /* FilenameSuggestionService.swift */,
				303B7A40301F7B7E001D99ED /* PDFTextExtractionService.swift */,
				303B7A50301FAB03001D99ED /* AutoAnalysisService.swift */,
			);
			path = Services;
			sourceTree = "<group>";
		};
		303B7A2D301F69E3001D99ED /* Brain */ = {
			isa = PBXGroup;
			children = (
				303B7A42301F7CF8001D99ED /* AtlasAnalyzer.swift */,
				303B7A54301FACA8001D99ED /* KnowledgeBase.swift */,
				303B7A56301FD485001D99ED /* CompanyRecognizer.swift */,
				303B7A58301FD4FE001D99ED /* DocumentClassifier.swift */,
				303B7A5A301FD530001D99ED /* DateRecognizer.swift */,
				303B7A5C301FD574001D99ED /* KeywordRecognizer.swift */,
				303B7A5E301FD7D4001D99ED /* FolderSuggestionEngine.swift */,
			);
			path = Brain;
			sourceTree = "<group>";
		};
		303B7A2E301F69EF001D99ED /* Resources */ = {
			isa = PBXGroup;
			children = (
				303B7A52301FAC32001D99ED /* knowledge.json */,
			);
			path = Resources;
			sourceTree = "<group>";
		};
		303B7A37301F7278001D99ED /* ViewModels */ = {
			isa = PBXGroup;
			children = (
				303B7A38301F72DB001D99ED /* InboxViewModel.swift */,
			);
			path = ViewModels;
			sourceTree = "<group>";
		};
/* End PBXGroup section */

/* Begin PBXNativeTarget section */
		303B7A1A301F59E8001D99ED /* DocPilot */ = {
			isa = PBXNativeTarget;
			buildConfigurationList = 303B7A26301F59EA001D99ED /* Build configuration list for PBXNativeTarget "DocPilot" */;
			buildPhases = (
				303B7A17301F59E8001D99ED /* Sources */,
				303B7A18301F59E8001D99ED /* Frameworks */,
				303B7A19301F59E8001D99ED /* Resources */,
			);
			buildRules = (
			);
			dependencies = (
			);
			fileSystemSynchronizedGroups = (
				303B7A1D301F59E8001D99ED /* DocPilot */,
			);
			name = DocPilot;
			packageProductDependencies = (
			);
			productName = DocPilot;
			productReference = 303B7A1B301F59E8001D99ED /* DocPilot.app */;
			productType = "com.apple.product-type.application";
		};
/* End PBXNativeTarget section */

/* Begin PBXProject section */
		303B7A13301F59E8001D99ED /* Project object */ = {
			isa = PBXProject;
			attributes = {
				BuildIndependentTargetsInParallel = 1;
				LastSwiftUpdateCheck = 2660;
				LastUpgradeCheck = 2660;
				TargetAttributes = {
					303B7A1A301F59E8001D99ED = {
						CreatedOnToolsVersion = 26.6;
					};
				};
			};
			buildConfigurationList = 303B7A16301F59E8001D99ED /* Build configuration list for PBXProject "DocPilot" */;
			developmentRegion = en;
			hasScannedForEncodings = 0;
			knownRegions = (
				en,
				Base,
			);
			mainGroup = 303B7A12301F59E8001D99ED;
			minimizedProjectReferenceProxies = 1;
			preferredProjectObjectVersion = 77;
			productRefGroup = 303B7A1C301F59E8001D99ED /* Products */;
			projectDirPath = "";
			projectRoot = "";
			targets = (
				303B7A1A301F59E8001D99ED /* DocPilot */,
			);
		};
/* End PBXProject section */

/* Begin PBXResourcesBuildPhase section */
		303B7A19301F59E8001D99ED /* Resources */ = {
			isa = PBXResourcesBuildPhase;
			buildActionMask = 2147483647;
			files = (
				303B7A36301F722C001D99ED /* README.md in Resources */,
				303B7A53301FAC75001D99ED /* knowledge.json in Resources */,
			);
			runOnlyForDeploymentPostprocessing = 0;
		};
/* End PBXResourcesBuildPhase section */

/* Begin PBXSourcesBuildPhase section */
		303B7A17301F59E8001D99ED /* Sources */ = {
			isa = PBXSourcesBuildPhase;
			buildActionMask = 2147483647;
			files = (
				303B7A3F301F7A94001D99ED /* AtlasPanelView.swift in Sources */,
				303B7A5F301FD7D4001D99ED /* FolderSuggestionEngine.swift in Sources */,
				303B7A34301F6DD7001D99ED /* InboxFolderStore.swift in Sources */,
				303B7A41301F7B7E001D99ED /* PDFTextExtractionService.swift in Sources */,
				303B7A4D301F8168001D99ED /* EmptySelectionView.swift in Sources */,
				303B7A49301F8078001D99ED /* EmptyInboxView.swift in Sources */,
				303B7A4F301FA8D7001D99ED /* DocumentRowView.swift in Sources */,
				303B7A51301FAB03001D99ED /* AutoAnalysisService.swift in Sources */,
				303B7A21301F59E8001D99ED /* ContentView.swift in Sources */,
				303B7A32301F6C68001D99ED /* InboxView.swift in Sources */,
				303B7A5B301FD530001D99ED /* DateRecognizer.swift in Sources */,
				303B7A3B301F765F001D99ED /* PDFPreviewView.swift in Sources */,
				303B7A47301F7FDE001D99ED /* DocumentListView.swift in Sources */,
				303B7A4B301F80ED001D99ED /* EmptyDocumentListView.swift in Sources */,
				303B7A5D301FD574001D99ED /* KeywordRecognizer.swift in Sources */,
				303B7A3D301F7935001D99ED /* FilenameSuggestionService.swift in Sources */,
				303B7A59301FD4FE001D99ED /* DocumentClassifier.swift in Sources */,
				303B7A39301F72DB001D99ED /* InboxViewModel.swift in Sources */,
				303B7A45301F7F11001D99ED /* InboxHeaderView.swift in Sources */,
				303B7A1F301F59E8001D99ED /* DocPilotApp.swift in Sources */,
				303B7A30301F6BD5001D99ED /* DocumentRecord.swift in Sources */,
				303B7A57301FD485001D99ED /* CompanyRecognizer.swift in Sources */,
				303B7A55301FACA8001D99ED /* KnowledgeBase.swift in Sources */,
				303B7A43301F7CF8001D99ED /* AtlasAnalyzer.swift in Sources */,
			);
			runOnlyForDeploymentPostprocessing = 0;
		};
/* End PBXSourcesBuildPhase section */

/* Begin XCBuildConfiguration section */
		303B7A24301F59EA001D99ED /* Debug */ = {
			isa = XCBuildConfiguration;
			buildSettings = {
				ALWAYS_SEARCH_USER_PATHS = NO;
				ASSETCATALOG_COMPILER_GENERATE_SWIFT_ASSET_SYMBOL_EXTENSIONS = YES;
				CLANG_ANALYZER_NONNULL = YES;
				CLANG_ANALYZER_NUMBER_OBJECT_CONVERSION = YES_AGGRESSIVE;
				CLANG_CXX_LANGUAGE_STANDARD = "gnu++20";
				CLANG_ENABLE_MODULES = YES;
				CLANG_ENABLE_OBJC_ARC = YES;
				CLANG_ENABLE_OBJC_WEAK = YES;
				CLANG_WARN_BLOCK_CAPTURE_AUTORELEASING = YES;
				CLANG_WARN_BOOL_CONVERSION = YES;
				CLANG_WARN_COMMA = YES;
				CLANG_WARN_CONSTANT_CONVERSION = YES;
				CLANG_WARN_DEPRECATED_OBJC_IMPLEMENTATIONS = YES;
				CLANG_WARN_DIRECT_OBJC_ISA_USAGE = YES_ERROR;
				CLANG_WARN_DOCUMENTATION_COMMENTS = YES;
				CLANG_WARN_EMPTY_BODY = YES;
				CLANG_WARN_ENUM_CONVERSION = YES;
				CLANG_WARN_INFINITE_RECURSION = YES;
				CLANG_WARN_INT_CONVERSION = YES;
				CLANG_WARN_NON_LITERAL_NULL_CONVERSION = YES;
				CLANG_WARN_OBJC_IMPLICIT_RETAIN_SELF = YES;
				CLANG_WARN_OBJC_LITERAL_CONVERSION = YES;
				CLANG_WARN_OBJC_ROOT_CLASS = YES_ERROR;
				CLANG_WARN_QUOTED_INCLUDE_IN_FRAMEWORK_HEADER = YES;
				CLANG_WARN_RANGE_LOOP_ANALYSIS = YES;
				CLANG_WARN_STRICT_PROTOTYPES = YES;
				CLANG_WARN_SUSPICIOUS_MOVE = YES;
				CLANG_WARN_UNGUARDED_AVAILABILITY = YES_AGGRESSIVE;
				CLANG_WARN_UNREACHABLE_CODE = YES;
				CLANG_WARN__DUPLICATE_METHOD_MATCH = YES;
				COPY_PHASE_STRIP = NO;
				DEBUG_INFORMATION_FORMAT = dwarf;
				ENABLE_STRICT_OBJC_MSGSEND = YES;
				ENABLE_TESTABILITY = YES;
				ENABLE_USER_SCRIPT_SANDBOXING = YES;
				GCC_C_LANGUAGE_STANDARD = gnu17;
				GCC_DYNAMIC_NO_PIC = NO;
				GCC_NO_COMMON_BLOCKS = YES;
				GCC_OPTIMIZATION_LEVEL = 0;
				GCC_PREPROCESSOR_DEFINITIONS = (
					"DEBUG=1",
					"$(inherited)",
				);
				GCC_WARN_64_TO_32_BIT_CONVERSION = YES;
				GCC_WARN_ABOUT_RETURN_TYPE = YES_ERROR;
				GCC_WARN_UNDECLARED_SELECTOR = YES;
				GCC_WARN_UNINITIALIZED_AUTOS = YES_AGGRESSIVE;
				GCC_WARN_UNUSED_FUNCTION = YES;
				GCC_WARN_UNUSED_VARIABLE = YES;
				LOCALIZATION_PREFERS_STRING_CATALOGS = YES;
				MACOSX_DEPLOYMENT_TARGET = 26.5;
				MTL_ENABLE_DEBUG_INFO = INCLUDE_SOURCE;
				MTL_FAST_MATH = YES;
				ONLY_ACTIVE_ARCH = YES;
				SDKROOT = macosx;
				SWIFT_ACTIVE_COMPILATION_CONDITIONS = "DEBUG $(inherited)";
				SWIFT_OPTIMIZATION_LEVEL = "-Onone";
			};
			name = Debug;
		};
		303B7A25301F59EA001D99ED /* Release */ = {
			isa = XCBuildConfiguration;
			buildSettings = {
				ALWAYS_SEARCH_USER_PATHS = NO;
				ASSETCATALOG_COMPILER_GENERATE_SWIFT_ASSET_SYMBOL_EXTENSIONS = YES;
				CLANG_ANALYZER_NONNULL = YES;
				CLANG_ANALYZER_NUMBER_OBJECT_CONVERSION = YES_AGGRESSIVE;
				CLANG_CXX_LANGUAGE_STANDARD = "gnu++20";
				CLANG_ENABLE_MODULES = YES;
				CLANG_ENABLE_OBJC_ARC = YES;
				CLANG_ENABLE_OBJC_WEAK = YES;
				CLANG_WARN_BLOCK_CAPTURE_AUTORELEASING = YES;
				CLANG_WARN_BOOL_CONVERSION = YES;
				CLANG_WARN_COMMA = YES;
				CLANG_WARN_CONSTANT_CONVERSION = YES;
				CLANG_WARN_DEPRECATED_OBJC_IMPLEMENTATIONS = YES;
				CLANG_WARN_DIRECT_OBJC_ISA_USAGE = YES_ERROR;
				CLANG_WARN_DOCUMENTATION_COMMENTS = YES;
				CLANG_WARN_EMPTY_BODY = YES;
				CLANG_WARN_ENUM_CONVERSION = YES;
				CLANG_WARN_INFINITE_RECURSION = YES;
				CLANG_WARN_INT_CONVERSION = YES;
				CLANG_WARN_NON_LITERAL_NULL_CONVERSION = YES;
				CLANG_WARN_OBJC_IMPLICIT_RETAIN_SELF = YES;
				CLANG_WARN_OBJC_LITERAL_CONVERSION = YES;
				CLANG_WARN_OBJC_ROOT_CLASS = YES_ERROR;
				CLANG_WARN_QUOTED_INCLUDE_IN_FRAMEWORK_HEADER = YES;
				CLANG_WARN_RANGE_LOOP_ANALYSIS = YES;
				CLANG_WARN_STRICT_PROTOTYPES = YES;
				CLANG_WARN_SUSPICIOUS_MOVE = YES;
				CLANG_WARN_UNGUARDED_AVAILABILITY = YES_AGGRESSIVE;
				CLANG_WARN_UNREACHABLE_CODE = YES;
				CLANG_WARN__DUPLICATE_METHOD_MATCH = YES;
				COPY_PHASE_STRIP = NO;
				DEBUG_INFORMATION_FORMAT = "dwarf-with-dsym";
				ENABLE_NS_ASSERTIONS = NO;
				ENABLE_STRICT_OBJC_MSGSEND = YES;
				ENABLE_USER_SCRIPT_SANDBOXING = YES;
				GCC_C_LANGUAGE_STANDARD = gnu17;
				GCC_NO_COMMON_BLOCKS = YES;
				GCC_WARN_64_TO_32_BIT_CONVERSION = YES;
				GCC_WARN_ABOUT_RETURN_TYPE = YES_ERROR;
				GCC_WARN_UNDECLARED_SELECTOR = YES;
				GCC_WARN_UNINITIALIZED_AUTOS = YES_AGGRESSIVE;
				GCC_WARN_UNUSED_FUNCTION = YES;
				GCC_WARN_UNUSED_VARIABLE = YES;
				LOCALIZATION_PREFERS_STRING_CATALOGS = YES;
				MACOSX_DEPLOYMENT_TARGET = 26.5;
				MTL_ENABLE_DEBUG_INFO = NO;
				MTL_FAST_MATH = YES;
				SDKROOT = macosx;
				SWIFT_COMPILATION_MODE = wholemodule;
			};
			name = Release;
		};
		303B7A27301F59EA001D99ED /* Debug */ = {
			isa = XCBuildConfiguration;
			buildSettings = {
				ASSETCATALOG_COMPILER_APPICON_NAME = AppIcon;
				ASSETCATALOG_COMPILER_GLOBAL_ACCENT_COLOR_NAME = AccentColor;
				CODE_SIGN_STYLE = Automatic;
				COMBINE_HIDPI_IMAGES = YES;
				CURRENT_PROJECT_VERSION = 1;
				ENABLE_APP_SANDBOX = YES;
				ENABLE_INCOMING_NETWORK_CONNECTIONS = NO;
				ENABLE_OUTGOING_NETWORK_CONNECTIONS = NO;
				ENABLE_PREVIEWS = YES;
				ENABLE_RESOURCE_ACCESS_AUDIO_INPUT = NO;
				ENABLE_RESOURCE_ACCESS_BLUETOOTH = NO;
				ENABLE_RESOURCE_ACCESS_CALENDARS = NO;
				ENABLE_RESOURCE_ACCESS_CAMERA = NO;
				ENABLE_RESOURCE_ACCESS_CONTACTS = NO;
				ENABLE_RESOURCE_ACCESS_LOCATION = NO;
				ENABLE_RESOURCE_ACCESS_PRINTING = NO;
				ENABLE_RESOURCE_ACCESS_USB = NO;
				ENABLE_USER_SELECTED_FILES = readwrite;
				GENERATE_INFOPLIST_FILE = YES;
				INFOPLIST_KEY_NSHumanReadableCopyright = "";
				LD_RUNPATH_SEARCH_PATHS = (
					"$(inherited)",
					"@executable_path/../Frameworks",
				);
				MARKETING_VERSION = 1.0;
				PRODUCT_BUNDLE_IDENTIFIER = de.janehlen.DocPilot;
				PRODUCT_NAME = "$(TARGET_NAME)";
				REGISTER_APP_GROUPS = YES;
				STRING_CATALOG_GENERATE_SYMBOLS = YES;
				SWIFT_APPROACHABLE_CONCURRENCY = YES;
				SWIFT_DEFAULT_ACTOR_ISOLATION = MainActor;
				SWIFT_EMIT_LOC_STRINGS = YES;
				SWIFT_UPCOMING_FEATURE_MEMBER_IMPORT_VISIBILITY = YES;
				SWIFT_VERSION = 5.0;
			};
			name = Debug;
		};
		303B7A28301F59EA001D99ED /* Release */ = {
			isa = XCBuildConfiguration;
			buildSettings = {
				ASSETCATALOG_COMPILER_APPICON_NAME = AppIcon;
				ASSETCATALOG_COMPILER_GLOBAL_ACCENT_COLOR_NAME = AccentColor;
				CODE_SIGN_STYLE = Automatic;
				COMBINE_HIDPI_IMAGES = YES;
				CURRENT_PROJECT_VERSION = 1;
				ENABLE_APP_SANDBOX = YES;
				ENABLE_INCOMING_NETWORK_CONNECTIONS = NO;
				ENABLE_OUTGOING_NETWORK_CONNECTIONS = NO;
				ENABLE_PREVIEWS = YES;
				ENABLE_RESOURCE_ACCESS_AUDIO_INPUT = NO;
				ENABLE_RESOURCE_ACCESS_BLUETOOTH = NO;
				ENABLE_RESOURCE_ACCESS_CALENDARS = NO;
				ENABLE_RESOURCE_ACCESS_CAMERA = NO;
				ENABLE_RESOURCE_ACCESS_CONTACTS = NO;
				ENABLE_RESOURCE_ACCESS_LOCATION = NO;
				ENABLE_RESOURCE_ACCESS_PRINTING = NO;
				ENABLE_RESOURCE_ACCESS_USB = NO;
				ENABLE_USER_SELECTED_FILES = readwrite;
				GENERATE_INFOPLIST_FILE = YES;
				INFOPLIST_KEY_NSHumanReadableCopyright = "";
				LD_RUNPATH_SEARCH_PATHS = (
					"$(inherited)",
					"@executable_path/../Frameworks",
				);
				MARKETING_VERSION = 1.0;
				PRODUCT_BUNDLE_IDENTIFIER = de.janehlen.DocPilot;
				PRODUCT_NAME = "$(TARGET_NAME)";
				REGISTER_APP_GROUPS = YES;
				STRING_CATALOG_GENERATE_SYMBOLS = YES;
				SWIFT_APPROACHABLE_CONCURRENCY = YES;
				SWIFT_DEFAULT_ACTOR_ISOLATION = MainActor;
				SWIFT_EMIT_LOC_STRINGS = YES;
				SWIFT_UPCOMING_FEATURE_MEMBER_IMPORT_VISIBILITY = YES;
				SWIFT_VERSION = 5.0;
			};
			name = Release;
		};
/* End XCBuildConfiguration section */

/* Begin XCConfigurationList section */
		303B7A16301F59E8001D99ED /* Build configuration list for PBXProject "DocPilot" */ = {
			isa = XCConfigurationList;
			buildConfigurations = (
				303B7A24301F59EA001D99ED /* Debug */,
				303B7A25301F59EA001D99ED /* Release */,
			);
			defaultConfigurationIsVisible = 0;
			defaultConfigurationName = Release;
		};
		303B7A26301F59EA001D99ED /* Build configuration list for PBXNativeTarget "DocPilot" */ = {
			isa = XCConfigurationList;
			buildConfigurations = (
				303B7A27301F59EA001D99ED /* Debug */,
				303B7A28301F59EA001D99ED /* Release */,
			);
			defaultConfigurationIsVisible = 0;
			defaultConfigurationName = Release;
		};
/* End XCConfigurationList section */
	};
	rootObject = 303B7A13301F59E8001D99ED /* Project object */;
}
